
Microsoft Visual Studio Solution File, Format Version 12.00
# Visual Studio Version 17
VisualStudioVersion = 17.7.34031.279
MinimumVisualStudioVersion = 10.0.40219.1
Project("{FAE04EC0-301F-11D3-BF4B-00C04F79EFBC}") = "PresentationLayer", "PresentationLayer\PresentationLayer.csproj", "{9BD49A96-22A7-44B4-AED7-2EE1259FEAEE}"
EndProject
Project("{FAE04EC0-301F-11D3-BF4B-00C04F79EFBC}") = "DomainLayer", "DomainLayer\DomainLayer.csproj", "{918CC4C5-46CF-44DD-A507-C93329AE7443}"
EndProject
Project("{FAE04EC0-301F-11D3-BF4B-00C04F79EFBC}") = "RepositoryLayer", "RepositoryLayer\RepositoryLayer.csproj", "{74BE8C4F-F8A3-4A47-94B0-008939DD35DD}"
EndProject
Project("{FAE04EC0-301F-11D3-BF4B-00C04F79EFBC}") = "ServicesLayer", "ServicesLayer\ServicesLayer.csproj", "{F50E1266-1394-4230-9874-DF6C8A14900E}"
EndProject
Global
	GlobalSection(SolutionConfigurationPlatforms) = preSolution
		Debug|Any CPU = Debug|Any CPU
		Release|Any CPU = Release|Any CPU
	EndGlobalSection
	GlobalSection(ProjectConfigurationPlatforms) = postSolution
		{9BD49A96-22A7-44B4-AED7-2EE1259FEAEE}.Debug|Any CPU.ActiveCfg = Debug|Any CPU
		{9BD49A96-22A7-44B4-AED7-2EE1259FEAEE}.Debug|Any CPU.Build.0 = Debug|Any CPU
		{9BD49A96-22A7-44B4-AED7-2EE1259FEAEE}.Release|Any CPU.ActiveCfg = Release|Any CPU
		{9BD49A96-22A7-44B4-AED7-2EE1259FEAEE}.Release|Any CPU.Build.0 = Release|Any CPU
		{918CC4C5-46CF-44DD-A507-C93329AE7443}.Debug|Any CPU.ActiveCfg = Debug|Any CPU
		{918CC4C5-46CF-44DD-A507-C93329AE7443}.Debug|Any CPU.Build.0 = Debug|Any CPU
		{918CC4C5-46CF-44DD-A507-C93329AE7443}.Release|Any CPU.ActiveCfg = Release|Any CPU
		{918CC4C5-46CF-44DD-A507-C93329AE7443}.Release|Any CPU.Build.0 = Release|Any CPU
		{74BE8C4F-F8A3-4A47-94B0-008939DD35DD}.Debug|Any CPU.ActiveCfg = Debug|Any CPU
		{74BE8C4F-F8A3-4A47-94B0-008939DD35DD}.Debug|Any CPU.Build.0 = Debug|Any CPU
		{74BE8C4F-F8A3-4A47-94B0-008939DD35DD}.Release|Any CPU.ActiveCfg = Release|Any CPU
		{74BE8C4F-F8A3-4A47-94B0-008939DD35DD}.Release|Any CPU.Build.0 = Release|Any CPU
		{F50E1266-1394-4230-9874-DF6C8A14900E}.Debug|Any CPU.ActiveCfg = Debug|Any CPU
		{F50E1266-1394-4230-9874-DF6C8A14900E}.Debug|Any CPU.Build.0 = Debug|Any CPU
		{F50E1266-1394-4230-9874-DF6C8A14900E}.Release|Any CPU.ActiveCfg = Release|Any CPU
		{F50E1266-1394-4230-9874-DF6C8A14900E}.Release|Any CPU.Build.0 = Release|Any CPU
	EndGlobalSection
	GlobalSection(SolutionProperties) = preSolution
		HideSolutionNode = FALSE
	EndGlobalSection
	GlobalSection(ExtensibilityGlobals) = postSolution
		SolutionGuid = {659C9DB1-346F-473C-9AB6-3D10C61CB505}
	EndGlobalSection
EndGlobal
